
Microsoft Visual Studio Solution File, Format Version 12.00
# Visual Studio Version 17
VisualStudioVersion = 17.5.33516.290
MinimumVisualStudioVersion = 10.0.40219.1
Project("{FAE04EC0-301F-11D3-BF4B-00C04F79EFBC}") = "Array", "Array.csproj", "{7DBB9E96-4770-42CC-B4D2-7C6A4F57666B}"
EndProject
Global
	GlobalSection(SolutionConfigurationPlatforms) = preSolution
		Debug|Any CPU = Debug|Any CPU
		Release|Any CPU = Release|Any CPU
	EndGlobalSection
	GlobalSection(ProjectConfigurationPlatforms) = postSolution
		{7DBB9E96-4770-42CC-B4D2-7C6A4F57666B}.Debug|Any CPU.ActiveCfg = Debug|Any CPU
		{7DBB9E96-4770-42CC-B4D2-7C6A4F57666B}.Debug|Any CPU.Build.0 = Debug|Any CPU
		{7DBB9E96-4770-42CC-B4D2-7C6A4F57666B}.Release|Any CPU.ActiveCfg = Release|Any CPU
		{7DBB9E96-4770-42CC-B4D2-7C6A4F57666B}.Release|Any CPU.Build.0 = Release|Any CPU
	EndGlobalSection
	GlobalSection(SolutionProperties) = preSolution
		HideSolutionNode = FALSE
	EndGlobalSection
	GlobalSection(ExtensibilityGlobals) = postSolution
		SolutionGuid = {4751F3DE-60AB-49F7-872D-28854ECF2200}
	EndGlobalSection
EndGlobal
